
Microsoft Visual Studio Solution File, Format Version 12.00
# Visual Studio Version 17
VisualStudioVersion = 17.10.35122.118
MinimumVisualStudioVersion = 10.0.40219.1
Project("{FAE04EC0-301F-11D3-BF4B-00C04F79EFBC}") = "library.Server", "library.Server\library.Server.csproj", "{58CF07BF-41AB-43A8-9563-4388824BB846}"
EndProject
Project("{54A90642-561A-4BB1-A94E-469ADEE60C69}") = "library.client", "library.client\library.client.esproj", "{77DB75EE-F187-4637-8C44-FD3101C06115}"
EndProject
Global
	GlobalSection(SolutionConfigurationPlatforms) = preSolution
		Debug|Any CPU = Debug|Any CPU
		Release|Any CPU = Release|Any CPU
	EndGlobalSection
	GlobalSection(ProjectConfigurationPlatforms) = postSolution
		{58CF07BF-41AB-43A8-9563-4388824BB846}.Debug|Any CPU.ActiveCfg = Debug|Any CPU
		{58CF07BF-41AB-43A8-9563-4388824BB846}.Debug|Any CPU.Build.0 = Debug|Any CPU
		{58CF07BF-41AB-43A8-9563-4388824BB846}.Release|Any CPU.ActiveCfg = Release|Any CPU
		{58CF07BF-41AB-43A8-9563-4388824BB846}.Release|Any CPU.Build.0 = Release|Any CPU
		{77DB75EE-F187-4637-8C44-FD3101C06115}.Debug|Any CPU.ActiveCfg = Debug|Any CPU
		{77DB75EE-F187-4637-8C44-FD3101C06115}.Debug|Any CPU.Build.0 = Debug|Any CPU
		{77DB75EE-F187-4637-8C44-FD3101C06115}.Debug|Any CPU.Deploy.0 = Debug|Any CPU
		{77DB75EE-F187-4637-8C44-FD3101C06115}.Release|Any CPU.ActiveCfg = Release|Any CPU
		{77DB75EE-F187-4637-8C44-FD3101C06115}.Release|Any CPU.Build.0 = Release|Any CPU
		{77DB75EE-F187-4637-8C44-FD3101C06115}.Release|Any CPU.Deploy.0 = Release|Any CPU
	EndGlobalSection
	GlobalSection(SolutionProperties) = preSolution
		HideSolutionNode = FALSE
	EndGlobalSection
	GlobalSection(ExtensibilityGlobals) = postSolution
		SolutionGuid = {2EFA0A5E-9C60-4F1D-B66B-3A0A512125A2}
	EndGlobalSection
EndGlobal
